
Microsoft Visual Studio Solution File, Format Version 12.00
# Visual Studio 15
VisualStudioVersion = 15.0.26730.16
MinimumVisualStudioVersion = 10.0.40219.1
Project("{FAE04EC0-301F-11D3-BF4B-00C04F79EFBC}") = "GWConsole", "GWConsole\GWConsole.csproj", "{9417ADE6-2AD0-4802-8813-F6E86285B578}"
EndProject
Project("{FAE04EC0-301F-11D3-BF4B-00C04F79EFBC}") = "GatewayLogic", "GatewayLogic\GatewayLogic.csproj", "{0DCCC8C2-9FF8-42F6-AEA5-5D59337D7D79}"
EndProject
Project("{FAE04EC0-301F-11D3-BF4B-00C04F79EFBC}") = "GWTest", "GWTest\GWTest.csproj", "{40ADE3B0-4887-4439-922D-32229B673730}"
EndProject
Project("{FAE04EC0-301F-11D3-BF4B-00C04F79EFBC}") = "GwUnitTests", "GwUnitTests\GwUnitTests.csproj", "{A2D9A7B6-00D7-4AD5-A755-91D3941DED70}"
EndProject
Project("{FAE04EC0-301F-11D3-BF4B-00C04F79EFBC}") = "SpeedTest", "SpeedTest\SpeedTest.csproj", "{D63E9444-0762-48E7-B40E-7D957EF98186}"
EndProject
Project("{FAE04EC0-301F-11D3-BF4B-00C04F79EFBC}") = "GatewayDebugData", "GatewayDebugData\GatewayDebugData.csproj", "{37612E86-33F4-45B8-BB15-01969E4622CE}"
EndProject
Global
	GlobalSection(SolutionConfigurationPlatforms) = preSolution
		Debug|Any CPU = Debug|Any CPU
		Debug|x86 = Debug|x86
		Release|Any CPU = Release|Any CPU
		Release|x86 = Release|x86
	EndGlobalSection
	GlobalSection(ProjectConfigurationPlatforms) = postSolution
		{9417ADE6-2AD0-4802-8813-F6E86285B578}.Debug|Any CPU.ActiveCfg = Debug|Any CPU
		{9417ADE6-2AD0-4802-8813-F6E86285B578}.Debug|Any CPU.Build.0 = Debug|Any CPU
		{9417ADE6-2AD0-4802-8813-F6E86285B578}.Debug|x86.ActiveCfg = Debug|Any CPU
		{9417ADE6-2AD0-4802-8813-F6E86285B578}.Debug|x86.Build.0 = Debug|Any CPU
		{9417ADE6-2AD0-4802-8813-F6E86285B578}.Release|Any CPU.ActiveCfg = Release|Any CPU
		{9417ADE6-2AD0-4802-8813-F6E86285B578}.Release|Any CPU.Build.0 = Release|Any CPU
		{9417ADE6-2AD0-4802-8813-F6E86285B578}.Release|x86.ActiveCfg = Release|Any CPU
		{9417ADE6-2AD0-4802-8813-F6E86285B578}.Release|x86.Build.0 = Release|Any CPU
		{0DCCC8C2-9FF8-42F6-AEA5-5D59337D7D79}.Debug|Any CPU.ActiveCfg = Debug|Any CPU
		{0DCCC8C2-9FF8-42F6-AEA5-5D59337D7D79}.Debug|Any CPU.Build.0 = Debug|Any CPU
		{0DCCC8C2-9FF8-42F6-AEA5-5D59337D7D79}.Debug|x86.ActiveCfg = Debug|Any CPU
		{0DCCC8C2-9FF8-42F6-AEA5-5D59337D7D79}.Debug|x86.Build.0 = Debug|Any CPU
		{0DCCC8C2-9FF8-42F6-AEA5-5D59337D7D79}.Release|Any CPU.ActiveCfg = Release|Any CPU
		{0DCCC8C2-9FF8-42F6-AEA5-5D59337D7D79}.Release|Any CPU.Build.0 = Release|Any CPU
		{0DCCC8C2-9FF8-42F6-AEA5-5D59337D7D79}.Release|x86.ActiveCfg = Release|Any CPU
		{0DCCC8C2-9FF8-42F6-AEA5-5D59337D7D79}.Release|x86.Build.0 = Release|Any CPU
		{40ADE3B0-4887-4439-922D-32229B673730}.Debug|Any CPU.ActiveCfg = Debug|Any CPU
		{40ADE3B0-4887-4439-922D-32229B673730}.Debug|Any CPU.Build.0 = Debug|Any CPU
		{40ADE3B0-4887-4439-922D-32229B673730}.Debug|x86.ActiveCfg = Debug|Any CPU
		{40ADE3B0-4887-4439-922D-32229B673730}.Debug|x86.Build.0 = Debug|Any CPU
		{40ADE3B0-4887-4439-922D-32229B673730}.Release|Any CPU.ActiveCfg = Release|Any CPU
		{40ADE3B0-4887-4439-922D-32229B673730}.Release|Any CPU.Build.0 = Release|Any CPU
		{40ADE3B0-4887-4439-922D-32229B673730}.Release|x86.ActiveCfg = Release|Any CPU
		{40ADE3B0-4887-4439-922D-32229B673730}.Release|x86.Build.0 = Release|Any CPU
		{A2D9A7B6-00D7-4AD5-A755-91D3941DED70}.Debug|Any CPU.ActiveCfg = Debug|Any CPU
		{A2D9A7B6-00D7-4AD5-A755-91D3941DED70}.Debug|Any CPU.Build.0 = Debug|Any CPU
		{A2D9A7B6-00D7-4AD5-A755-91D3941DED70}.Debug|x86.ActiveCfg = Debug|Any CPU
		{A2D9A7B6-00D7-4AD5-A755-91D3941DED70}.Debug|x86.Build.0 = Debug|Any CPU
		{A2D9A7B6-00D7-4AD5-A755-91D3941DED70}.Release|Any CPU.ActiveCfg = Release|Any CPU
		{A2D9A7B6-00D7-4AD5-A755-91D3941DED70}.Release|Any CPU.Build.0 = Release|Any CPU
		{A2D9A7B6-00D7-4AD5-A755-91D3941DED70}.Release|x86.ActiveCfg = Release|Any CPU
		{A2D9A7B6-00D7-4AD5-A755-91D3941DED70}.Release|x86.Build.0 = Release|Any CPU
		{D63E9444-0762-48E7-B40E-7D957EF98186}.Debug|Any CPU.ActiveCfg = Debug|Any CPU
		{D63E9444-0762-48E7-B40E-7D957EF98186}.Debug|Any CPU.Build.0 = Debug|Any CPU
		{D63E9444-0762-48E7-B40E-7D957EF98186}.Debug|x86.ActiveCfg = Debug|Any CPU
		{D63E9444-0762-48E7-B40E-7D957EF98186}.Debug|x86.Build.0 = Debug|Any CPU
		{D63E9444-0762-48E7-B40E-7D957EF98186}.Release|Any CPU.ActiveCfg = Release|Any CPU
		{D63E9444-0762-48E7-B40E-7D957EF98186}.Release|Any CPU.Build.0 = Release|Any CPU
		{D63E9444-0762-48E7-B40E-7D957EF98186}.Release|x86.ActiveCfg = Release|Any CPU
		{D63E9444-0762-48E7-B40E-7D957EF98186}.Release|x86.Build.0 = Release|Any CPU
		{37612E86-33F4-45B8-BB15-01969E4622CE}.Debug|Any CPU.ActiveCfg = Debug|x86
		{37612E86-33F4-45B8-BB15-01969E4622CE}.Debug|x86.ActiveCfg = Debug|x86
		{37612E86-33F4-45B8-BB15-01969E4622CE}.Debug|x86.Build.0 = Debug|x86
		{37612E86-33F4-45B8-BB15-01969E4622CE}.Release|Any CPU.ActiveCfg = Release|x86
		{37612E86-33F4-45B8-BB15-01969E4622CE}.Release|x86.ActiveCfg = Release|x86
		{37612E86-33F4-45B8-BB15-01969E4622CE}.Release|x86.Build.0 = Release|x86
	EndGlobalSection
	GlobalSection(SolutionProperties) = preSolution
		HideSolutionNode = FALSE
	EndGlobalSection
	GlobalSection(ExtensibilityGlobals) = postSolution
		SolutionGuid = {68B36B5E-C4FC-4605-A5E1-8A59433EA06F}
	EndGlobalSection
	GlobalSection(TeamFoundationVersionControl) = preSolution
		SccNumberOfProjects = 7
		SccEnterpriseProvider = {4CA58AB2-18FA-4F8D-95D4-32DDF27D184C}
		SccTeamFoundationServer = https://tfs.psi.ch/defaultcollection
		SccLocalPath0 = .
		SccProjectUniqueName1 = GatewayLogic\\GatewayLogic.csproj
		SccProjectName1 = GatewayLogic
		SccLocalPath1 = GatewayLogic
		SccProjectUniqueName2 = GWConsole\\GWConsole.csproj
		SccProjectName2 = GWConsole
		SccLocalPath2 = GWConsole
		SccProjectUniqueName3 = GWTest\\GWTest.csproj
		SccProjectName3 = GWTest
		SccLocalPath3 = GWTest
		SccProjectUniqueName4 = GwUnitTests\\GwUnitTests.csproj
		SccProjectName4 = GwUnitTests
		SccLocalPath4 = GwUnitTests
		SccProjectUniqueName5 = SpeedTest\\SpeedTest.csproj
		SccProjectName5 = SpeedTest
		SccLocalPath5 = SpeedTest
		SccProjectUniqueName6 = GatewayDebugData\\GatewayDebugData.csproj
		SccProjectName6 = GatewayDebugData
		SccLocalPath6 = GatewayDebugData
	EndGlobalSection
EndGlobal
