
Microsoft Visual Studio Solution File, Format Version 12.00
# Visual Studio Version 16
VisualStudioVersion = 16.0.29509.3
MinimumVisualStudioVersion = 10.0.40219.1
Project("{FAE04EC0-301F-11D3-BF4B-00C04F79EFBC}") = "GWConsole", "GWConsole\GWConsole.csproj", "{9417ADE6-2AD0-4802-8813-F6E86285B578}"
EndProject
Project("{9A19103F-16F7-4668-BE54-9A1E7A4F7556}") = "GatewayLogic", "GatewayLogic\GatewayLogic.csproj", "{0DCCC8C2-9FF8-42F6-AEA5-5D59337D7D79}"
EndProject
Project("{FAE04EC0-301F-11D3-BF4B-00C04F79EFBC}") = "GWTest", "GWTest\GWTest.csproj", "{40ADE3B0-4887-4439-922D-32229B673730}"
EndProject
Project("{FAE04EC0-301F-11D3-BF4B-00C04F79EFBC}") = "GwUnitTests", "GwUnitTests\GwUnitTests.csproj", "{A2D9A7B6-00D7-4AD5-A755-91D3941DED70}"
EndProject
Project("{FAE04EC0-301F-11D3-BF4B-00C04F79EFBC}") = "SpeedTest", "SpeedTest\SpeedTest.csproj", "{D63E9444-0762-48E7-B40E-7D957EF98186}"
EndProject
Project("{FAE04EC0-301F-11D3-BF4B-00C04F79EFBC}") = "StressTest", "StressTest\StressTest.csproj", "{35F09657-5166-48E8-B2C3-E0762F5C1804}"
EndProject
Project("{FAE04EC0-301F-11D3-BF4B-00C04F79EFBC}") = "GWService", "GWService\GWService.csproj", "{330D97BA-5E11-45A7-AA1A-69D6DE3C1685}"
EndProject
Project("{FAE04EC0-301F-11D3-BF4B-00C04F79EFBC}") = "GWWatchdog", "GWWatchdog\GWWatchdog.csproj", "{2194FDAE-A462-4E76-BC4E-695D7BB8226E}"
EndProject
Project("{2150E333-8FDC-42A3-9474-1A3956D46DE8}") = "Documentation", "Documentation", "{9BD6BCA4-62D5-4E1A-8704-A4DD7BBCD926}"
	ProjectSection(SolutionItems) = preProject
		Documentation\EPICS Gateway configuration.docx = Documentation\EPICS Gateway configuration.docx
		Documentation\Gateway 3.vpp = Documentation\Gateway 3.vpp
	EndProjectSection
EndProject
Project("{FAE04EC0-301F-11D3-BF4B-00C04F79EFBC}") = "GWLogger", "GWLogger\GWLogger.csproj", "{B8FD6239-E447-4DC5-A97A-9E65A29C459E}"
EndProject
Project("{FAE04EC0-301F-11D3-BF4B-00C04F79EFBC}") = "DataCleaner", "DataCleaner\DataCleaner.csproj", "{1B6FB420-5121-4BC0-9F5D-6061283E5D8C}"
EndProject
Project("{FAE04EC0-301F-11D3-BF4B-00C04F79EFBC}") = "GWConsoleLogger", "GWConsoleLogger\GWConsoleLogger.csproj", "{20E20EE5-B155-4556-85F2-55ECF23E9EE5}"
EndProject
Project("{FAE04EC0-301F-11D3-BF4B-00C04F79EFBC}") = "ParserUnitTests", "ParserUnitTests\ParserUnitTests.csproj", "{9B93D364-086D-4EF8-A4CF-77ABF1C828EC}"
EndProject
Project("{FAE04EC0-301F-11D3-BF4B-00C04F79EFBC}") = "LoadTest", "LoadTest\LoadTest.csproj", "{AB1E1AFF-3E15-4809-8A5F-278874EB8733}"
EndProject
Project("{FAE04EC0-301F-11D3-BF4B-00C04F79EFBC}") = "LoadPerformance", "LoadPerformance\LoadPerformance.csproj", "{9E8C877A-2CD5-4151-B010-4C0775DF8CC2}"
EndProject
Project("{FAE04EC0-301F-11D3-BF4B-00C04F79EFBC}") = "TestQueries", "TestQueries\TestQueries.csproj", "{E3D012CB-3EBE-425B-9058-F44B23B7259C}"
EndProject
Project("{FAE04EC0-301F-11D3-BF4B-00C04F79EFBC}") = "GraphAnomalyVisualizer", "GraphAnomalyVisualizer\GraphAnomalyVisualizer.csproj", "{0FA3B01B-8843-446F-AD0C-B151E325A586}"
EndProject
Project("{FAE04EC0-301F-11D3-BF4B-00C04F79EFBC}") = "GraphAnomalies", "GraphAnomalies\GraphAnomalies.csproj", "{DFBF31C2-894C-4FD1-A674-D323E7DD2FDE}"
EndProject
Project("{FAE04EC0-301F-11D3-BF4B-00C04F79EFBC}") = "LogFileHandling", "LogFileHandling\LogFileHandling.csproj", "{4D3D9B73-3315-4084-A489-E38BCD622938}"
EndProject
Project("{9A19103F-16F7-4668-BE54-9A1E7A4F7556}") = "GWCoreConsole", "GWCoreConsole\GWCoreConsole.csproj", "{6DE6195A-B20B-4611-B079-3020947F2B93}"
EndProject
Project("{FAE04EC0-301F-11D3-BF4B-00C04F79EFBC}") = "GWLoggerControlService", "GWLoggerControlService\GWLoggerControlService.csproj", "{DB50B3C5-3C59-4033-9D2D-FC1403352C8D}"
	ProjectSection(ProjectDependencies) = postProject
		{B8FD6239-E447-4DC5-A97A-9E65A29C459E} = {B8FD6239-E447-4DC5-A97A-9E65A29C459E}
	EndProjectSection
EndProject
Project("{54435603-DBB4-11D2-8724-00A0C9A8B90C}") = "GWLoggerControlServiceInstaller", "GWLoggerControlServiceInstaller\GWLoggerControlServiceInstaller.vdproj", "{69FAA23A-5E25-46CC-BEB5-DFDF651375FC}"
EndProject
Project("{FAE04EC0-301F-11D3-BF4B-00C04F79EFBC}") = "LogReadSpeed", "LogReadSpeed\LogReadSpeed.csproj", "{66E92064-F777-448D-82A9-9031AA2BEBFC}"
EndProject
Global
	GlobalSection(SolutionConfigurationPlatforms) = preSolution
		Debug Deadlock|Any CPU = Debug Deadlock|Any CPU
		Debug Deadlock|x86 = Debug Deadlock|x86
		Debug|Any CPU = Debug|Any CPU
		Debug|x86 = Debug|x86
		Release|Any CPU = Release|Any CPU
		Release|x86 = Release|x86
	EndGlobalSection
	GlobalSection(ProjectConfigurationPlatforms) = postSolution
		{9417ADE6-2AD0-4802-8813-F6E86285B578}.Debug Deadlock|Any CPU.ActiveCfg = Debug Deadlock|Any CPU
		{9417ADE6-2AD0-4802-8813-F6E86285B578}.Debug Deadlock|Any CPU.Build.0 = Debug Deadlock|Any CPU
		{9417ADE6-2AD0-4802-8813-F6E86285B578}.Debug Deadlock|x86.ActiveCfg = Debug Deadlock|Any CPU
		{9417ADE6-2AD0-4802-8813-F6E86285B578}.Debug Deadlock|x86.Build.0 = Debug Deadlock|Any CPU
		{9417ADE6-2AD0-4802-8813-F6E86285B578}.Debug|Any CPU.ActiveCfg = Debug|Any CPU
		{9417ADE6-2AD0-4802-8813-F6E86285B578}.Debug|Any CPU.Build.0 = Debug|Any CPU
		{9417ADE6-2AD0-4802-8813-F6E86285B578}.Debug|x86.ActiveCfg = Debug|Any CPU
		{9417ADE6-2AD0-4802-8813-F6E86285B578}.Debug|x86.Build.0 = Debug|Any CPU
		{9417ADE6-2AD0-4802-8813-F6E86285B578}.Release|Any CPU.ActiveCfg = Release|Any CPU
		{9417ADE6-2AD0-4802-8813-F6E86285B578}.Release|Any CPU.Build.0 = Release|Any CPU
		{9417ADE6-2AD0-4802-8813-F6E86285B578}.Release|x86.ActiveCfg = Release|Any CPU
		{9417ADE6-2AD0-4802-8813-F6E86285B578}.Release|x86.Build.0 = Release|Any CPU
		{0DCCC8C2-9FF8-42F6-AEA5-5D59337D7D79}.Debug Deadlock|Any CPU.ActiveCfg = Debug Deadlock|Any CPU
		{0DCCC8C2-9FF8-42F6-AEA5-5D59337D7D79}.Debug Deadlock|Any CPU.Build.0 = Debug Deadlock|Any CPU
		{0DCCC8C2-9FF8-42F6-AEA5-5D59337D7D79}.Debug Deadlock|x86.ActiveCfg = Debug Deadlock|Any CPU
		{0DCCC8C2-9FF8-42F6-AEA5-5D59337D7D79}.Debug Deadlock|x86.Build.0 = Debug Deadlock|Any CPU
		{0DCCC8C2-9FF8-42F6-AEA5-5D59337D7D79}.Debug|Any CPU.ActiveCfg = Debug|Any CPU
		{0DCCC8C2-9FF8-42F6-AEA5-5D59337D7D79}.Debug|Any CPU.Build.0 = Debug|Any CPU
		{0DCCC8C2-9FF8-42F6-AEA5-5D59337D7D79}.Debug|x86.ActiveCfg = Debug|Any CPU
		{0DCCC8C2-9FF8-42F6-AEA5-5D59337D7D79}.Debug|x86.Build.0 = Debug|Any CPU
		{0DCCC8C2-9FF8-42F6-AEA5-5D59337D7D79}.Release|Any CPU.ActiveCfg = Release|Any CPU
		{0DCCC8C2-9FF8-42F6-AEA5-5D59337D7D79}.Release|Any CPU.Build.0 = Release|Any CPU
		{0DCCC8C2-9FF8-42F6-AEA5-5D59337D7D79}.Release|x86.ActiveCfg = Release|Any CPU
		{0DCCC8C2-9FF8-42F6-AEA5-5D59337D7D79}.Release|x86.Build.0 = Release|Any CPU
		{40ADE3B0-4887-4439-922D-32229B673730}.Debug Deadlock|Any CPU.ActiveCfg = Debug Deadlock|Any CPU
		{40ADE3B0-4887-4439-922D-32229B673730}.Debug Deadlock|Any CPU.Build.0 = Debug Deadlock|Any CPU
		{40ADE3B0-4887-4439-922D-32229B673730}.Debug Deadlock|x86.ActiveCfg = Debug Deadlock|Any CPU
		{40ADE3B0-4887-4439-922D-32229B673730}.Debug Deadlock|x86.Build.0 = Debug Deadlock|Any CPU
		{40ADE3B0-4887-4439-922D-32229B673730}.Debug|Any CPU.ActiveCfg = Debug|Any CPU
		{40ADE3B0-4887-4439-922D-32229B673730}.Debug|Any CPU.Build.0 = Debug|Any CPU
		{40ADE3B0-4887-4439-922D-32229B673730}.Debug|x86.ActiveCfg = Debug|Any CPU
		{40ADE3B0-4887-4439-922D-32229B673730}.Debug|x86.Build.0 = Debug|Any CPU
		{40ADE3B0-4887-4439-922D-32229B673730}.Release|Any CPU.ActiveCfg = Release|Any CPU
		{40ADE3B0-4887-4439-922D-32229B673730}.Release|Any CPU.Build.0 = Release|Any CPU
		{40ADE3B0-4887-4439-922D-32229B673730}.Release|x86.ActiveCfg = Release|Any CPU
		{40ADE3B0-4887-4439-922D-32229B673730}.Release|x86.Build.0 = Release|Any CPU
		{A2D9A7B6-00D7-4AD5-A755-91D3941DED70}.Debug Deadlock|Any CPU.ActiveCfg = Debug Deadlock|Any CPU
		{A2D9A7B6-00D7-4AD5-A755-91D3941DED70}.Debug Deadlock|Any CPU.Build.0 = Debug Deadlock|Any CPU
		{A2D9A7B6-00D7-4AD5-A755-91D3941DED70}.Debug Deadlock|x86.ActiveCfg = Debug Deadlock|Any CPU
		{A2D9A7B6-00D7-4AD5-A755-91D3941DED70}.Debug Deadlock|x86.Build.0 = Debug Deadlock|Any CPU
		{A2D9A7B6-00D7-4AD5-A755-91D3941DED70}.Debug|Any CPU.ActiveCfg = Debug|Any CPU
		{A2D9A7B6-00D7-4AD5-A755-91D3941DED70}.Debug|Any CPU.Build.0 = Debug|Any CPU
		{A2D9A7B6-00D7-4AD5-A755-91D3941DED70}.Debug|x86.ActiveCfg = Debug|Any CPU
		{A2D9A7B6-00D7-4AD5-A755-91D3941DED70}.Debug|x86.Build.0 = Debug|Any CPU
		{A2D9A7B6-00D7-4AD5-A755-91D3941DED70}.Release|Any CPU.ActiveCfg = Release|Any CPU
		{A2D9A7B6-00D7-4AD5-A755-91D3941DED70}.Release|Any CPU.Build.0 = Release|Any CPU
		{A2D9A7B6-00D7-4AD5-A755-91D3941DED70}.Release|x86.ActiveCfg = Release|Any CPU
		{A2D9A7B6-00D7-4AD5-A755-91D3941DED70}.Release|x86.Build.0 = Release|Any CPU
		{D63E9444-0762-48E7-B40E-7D957EF98186}.Debug Deadlock|Any CPU.ActiveCfg = Debug Deadlock|Any CPU
		{D63E9444-0762-48E7-B40E-7D957EF98186}.Debug Deadlock|Any CPU.Build.0 = Debug Deadlock|Any CPU
		{D63E9444-0762-48E7-B40E-7D957EF98186}.Debug Deadlock|x86.ActiveCfg = Debug Deadlock|Any CPU
		{D63E9444-0762-48E7-B40E-7D957EF98186}.Debug Deadlock|x86.Build.0 = Debug Deadlock|Any CPU
		{D63E9444-0762-48E7-B40E-7D957EF98186}.Debug|Any CPU.ActiveCfg = Debug|Any CPU
		{D63E9444-0762-48E7-B40E-7D957EF98186}.Debug|Any CPU.Build.0 = Debug|Any CPU
		{D63E9444-0762-48E7-B40E-7D957EF98186}.Debug|x86.ActiveCfg = Debug|Any CPU
		{D63E9444-0762-48E7-B40E-7D957EF98186}.Debug|x86.Build.0 = Debug|Any CPU
		{D63E9444-0762-48E7-B40E-7D957EF98186}.Release|Any CPU.ActiveCfg = Release|Any CPU
		{D63E9444-0762-48E7-B40E-7D957EF98186}.Release|Any CPU.Build.0 = Release|Any CPU
		{D63E9444-0762-48E7-B40E-7D957EF98186}.Release|x86.ActiveCfg = Release|Any CPU
		{D63E9444-0762-48E7-B40E-7D957EF98186}.Release|x86.Build.0 = Release|Any CPU
		{35F09657-5166-48E8-B2C3-E0762F5C1804}.Debug Deadlock|Any CPU.ActiveCfg = Debug Deadlock|Any CPU
		{35F09657-5166-48E8-B2C3-E0762F5C1804}.Debug Deadlock|Any CPU.Build.0 = Debug Deadlock|Any CPU
		{35F09657-5166-48E8-B2C3-E0762F5C1804}.Debug Deadlock|x86.ActiveCfg = Debug Deadlock|Any CPU
		{35F09657-5166-48E8-B2C3-E0762F5C1804}.Debug Deadlock|x86.Build.0 = Debug Deadlock|Any CPU
		{35F09657-5166-48E8-B2C3-E0762F5C1804}.Debug|Any CPU.ActiveCfg = Debug|Any CPU
		{35F09657-5166-48E8-B2C3-E0762F5C1804}.Debug|Any CPU.Build.0 = Debug|Any CPU
		{35F09657-5166-48E8-B2C3-E0762F5C1804}.Debug|x86.ActiveCfg = Debug|Any CPU
		{35F09657-5166-48E8-B2C3-E0762F5C1804}.Debug|x86.Build.0 = Debug|Any CPU
		{35F09657-5166-48E8-B2C3-E0762F5C1804}.Release|Any CPU.ActiveCfg = Release|Any CPU
		{35F09657-5166-48E8-B2C3-E0762F5C1804}.Release|Any CPU.Build.0 = Release|Any CPU
		{35F09657-5166-48E8-B2C3-E0762F5C1804}.Release|x86.ActiveCfg = Release|Any CPU
		{35F09657-5166-48E8-B2C3-E0762F5C1804}.Release|x86.Build.0 = Release|Any CPU
		{330D97BA-5E11-45A7-AA1A-69D6DE3C1685}.Debug Deadlock|Any CPU.ActiveCfg = Debug Deadlock|Any CPU
		{330D97BA-5E11-45A7-AA1A-69D6DE3C1685}.Debug Deadlock|Any CPU.Build.0 = Debug Deadlock|Any CPU
		{330D97BA-5E11-45A7-AA1A-69D6DE3C1685}.Debug Deadlock|x86.ActiveCfg = Debug Deadlock|Any CPU
		{330D97BA-5E11-45A7-AA1A-69D6DE3C1685}.Debug Deadlock|x86.Build.0 = Debug Deadlock|Any CPU
		{330D97BA-5E11-45A7-AA1A-69D6DE3C1685}.Debug|Any CPU.ActiveCfg = Debug|Any CPU
		{330D97BA-5E11-45A7-AA1A-69D6DE3C1685}.Debug|Any CPU.Build.0 = Debug|Any CPU
		{330D97BA-5E11-45A7-AA1A-69D6DE3C1685}.Debug|x86.ActiveCfg = Debug|Any CPU
		{330D97BA-5E11-45A7-AA1A-69D6DE3C1685}.Debug|x86.Build.0 = Debug|Any CPU
		{330D97BA-5E11-45A7-AA1A-69D6DE3C1685}.Release|Any CPU.ActiveCfg = Release|Any CPU
		{330D97BA-5E11-45A7-AA1A-69D6DE3C1685}.Release|Any CPU.Build.0 = Release|Any CPU
		{330D97BA-5E11-45A7-AA1A-69D6DE3C1685}.Release|x86.ActiveCfg = Release|Any CPU
		{330D97BA-5E11-45A7-AA1A-69D6DE3C1685}.Release|x86.Build.0 = Release|Any CPU
		{2194FDAE-A462-4E76-BC4E-695D7BB8226E}.Debug Deadlock|Any CPU.ActiveCfg = Debug Deadlock|Any CPU
		{2194FDAE-A462-4E76-BC4E-695D7BB8226E}.Debug Deadlock|Any CPU.Build.0 = Debug Deadlock|Any CPU
		{2194FDAE-A462-4E76-BC4E-695D7BB8226E}.Debug Deadlock|x86.ActiveCfg = Debug Deadlock|Any CPU
		{2194FDAE-A462-4E76-BC4E-695D7BB8226E}.Debug Deadlock|x86.Build.0 = Debug Deadlock|Any CPU
		{2194FDAE-A462-4E76-BC4E-695D7BB8226E}.Debug|Any CPU.ActiveCfg = Debug|Any CPU
		{2194FDAE-A462-4E76-BC4E-695D7BB8226E}.Debug|Any CPU.Build.0 = Debug|Any CPU
		{2194FDAE-A462-4E76-BC4E-695D7BB8226E}.Debug|x86.ActiveCfg = Debug|Any CPU
		{2194FDAE-A462-4E76-BC4E-695D7BB8226E}.Debug|x86.Build.0 = Debug|Any CPU
		{2194FDAE-A462-4E76-BC4E-695D7BB8226E}.Release|Any CPU.ActiveCfg = Release|Any CPU
		{2194FDAE-A462-4E76-BC4E-695D7BB8226E}.Release|Any CPU.Build.0 = Release|Any CPU
		{2194FDAE-A462-4E76-BC4E-695D7BB8226E}.Release|x86.ActiveCfg = Release|Any CPU
		{2194FDAE-A462-4E76-BC4E-695D7BB8226E}.Release|x86.Build.0 = Release|Any CPU
		{B8FD6239-E447-4DC5-A97A-9E65A29C459E}.Debug Deadlock|Any CPU.ActiveCfg = Debug Deadlock|Any CPU
		{B8FD6239-E447-4DC5-A97A-9E65A29C459E}.Debug Deadlock|Any CPU.Build.0 = Debug Deadlock|Any CPU
		{B8FD6239-E447-4DC5-A97A-9E65A29C459E}.Debug Deadlock|x86.ActiveCfg = Debug Deadlock|Any CPU
		{B8FD6239-E447-4DC5-A97A-9E65A29C459E}.Debug Deadlock|x86.Build.0 = Debug Deadlock|Any CPU
		{B8FD6239-E447-4DC5-A97A-9E65A29C459E}.Debug|Any CPU.ActiveCfg = Debug|Any CPU
		{B8FD6239-E447-4DC5-A97A-9E65A29C459E}.Debug|Any CPU.Build.0 = Debug|Any CPU
		{B8FD6239-E447-4DC5-A97A-9E65A29C459E}.Debug|x86.ActiveCfg = Debug|Any CPU
		{B8FD6239-E447-4DC5-A97A-9E65A29C459E}.Debug|x86.Build.0 = Debug|Any CPU
		{B8FD6239-E447-4DC5-A97A-9E65A29C459E}.Release|Any CPU.ActiveCfg = Release|Any CPU
		{B8FD6239-E447-4DC5-A97A-9E65A29C459E}.Release|Any CPU.Build.0 = Release|Any CPU
		{B8FD6239-E447-4DC5-A97A-9E65A29C459E}.Release|x86.ActiveCfg = Release|Any CPU
		{B8FD6239-E447-4DC5-A97A-9E65A29C459E}.Release|x86.Build.0 = Release|Any CPU
		{1B6FB420-5121-4BC0-9F5D-6061283E5D8C}.Debug Deadlock|Any CPU.ActiveCfg = Debug Deadlock|Any CPU
		{1B6FB420-5121-4BC0-9F5D-6061283E5D8C}.Debug Deadlock|Any CPU.Build.0 = Debug Deadlock|Any CPU
		{1B6FB420-5121-4BC0-9F5D-6061283E5D8C}.Debug Deadlock|x86.ActiveCfg = Debug Deadlock|Any CPU
		{1B6FB420-5121-4BC0-9F5D-6061283E5D8C}.Debug Deadlock|x86.Build.0 = Debug Deadlock|Any CPU
		{1B6FB420-5121-4BC0-9F5D-6061283E5D8C}.Debug|Any CPU.ActiveCfg = Debug|Any CPU
		{1B6FB420-5121-4BC0-9F5D-6061283E5D8C}.Debug|Any CPU.Build.0 = Debug|Any CPU
		{1B6FB420-5121-4BC0-9F5D-6061283E5D8C}.Debug|x86.ActiveCfg = Debug|Any CPU
		{1B6FB420-5121-4BC0-9F5D-6061283E5D8C}.Debug|x86.Build.0 = Debug|Any CPU
		{1B6FB420-5121-4BC0-9F5D-6061283E5D8C}.Release|Any CPU.ActiveCfg = Release|Any CPU
		{1B6FB420-5121-4BC0-9F5D-6061283E5D8C}.Release|Any CPU.Build.0 = Release|Any CPU
		{1B6FB420-5121-4BC0-9F5D-6061283E5D8C}.Release|x86.ActiveCfg = Release|Any CPU
		{1B6FB420-5121-4BC0-9F5D-6061283E5D8C}.Release|x86.Build.0 = Release|Any CPU
		{20E20EE5-B155-4556-85F2-55ECF23E9EE5}.Debug Deadlock|Any CPU.ActiveCfg = Debug|Any CPU
		{20E20EE5-B155-4556-85F2-55ECF23E9EE5}.Debug Deadlock|Any CPU.Build.0 = Debug|Any CPU
		{20E20EE5-B155-4556-85F2-55ECF23E9EE5}.Debug Deadlock|x86.ActiveCfg = Debug|Any CPU
		{20E20EE5-B155-4556-85F2-55ECF23E9EE5}.Debug Deadlock|x86.Build.0 = Debug|Any CPU
		{20E20EE5-B155-4556-85F2-55ECF23E9EE5}.Debug|Any CPU.ActiveCfg = Debug|Any CPU
		{20E20EE5-B155-4556-85F2-55ECF23E9EE5}.Debug|Any CPU.Build.0 = Debug|Any CPU
		{20E20EE5-B155-4556-85F2-55ECF23E9EE5}.Debug|x86.ActiveCfg = Debug|Any CPU
		{20E20EE5-B155-4556-85F2-55ECF23E9EE5}.Debug|x86.Build.0 = Debug|Any CPU
		{20E20EE5-B155-4556-85F2-55ECF23E9EE5}.Release|Any CPU.ActiveCfg = Release|Any CPU
		{20E20EE5-B155-4556-85F2-55ECF23E9EE5}.Release|Any CPU.Build.0 = Release|Any CPU
		{20E20EE5-B155-4556-85F2-55ECF23E9EE5}.Release|x86.ActiveCfg = Release|Any CPU
		{20E20EE5-B155-4556-85F2-55ECF23E9EE5}.Release|x86.Build.0 = Release|Any CPU
		{9B93D364-086D-4EF8-A4CF-77ABF1C828EC}.Debug Deadlock|Any CPU.ActiveCfg = Debug|Any CPU
		{9B93D364-086D-4EF8-A4CF-77ABF1C828EC}.Debug Deadlock|Any CPU.Build.0 = Debug|Any CPU
		{9B93D364-086D-4EF8-A4CF-77ABF1C828EC}.Debug Deadlock|x86.ActiveCfg = Debug|Any CPU
		{9B93D364-086D-4EF8-A4CF-77ABF1C828EC}.Debug Deadlock|x86.Build.0 = Debug|Any CPU
		{9B93D364-086D-4EF8-A4CF-77ABF1C828EC}.Debug|Any CPU.ActiveCfg = Debug|Any CPU
		{9B93D364-086D-4EF8-A4CF-77ABF1C828EC}.Debug|Any CPU.Build.0 = Debug|Any CPU
		{9B93D364-086D-4EF8-A4CF-77ABF1C828EC}.Debug|x86.ActiveCfg = Debug|Any CPU
		{9B93D364-086D-4EF8-A4CF-77ABF1C828EC}.Debug|x86.Build.0 = Debug|Any CPU
		{9B93D364-086D-4EF8-A4CF-77ABF1C828EC}.Release|Any CPU.ActiveCfg = Release|Any CPU
		{9B93D364-086D-4EF8-A4CF-77ABF1C828EC}.Release|Any CPU.Build.0 = Release|Any CPU
		{9B93D364-086D-4EF8-A4CF-77ABF1C828EC}.Release|x86.ActiveCfg = Release|Any CPU
		{9B93D364-086D-4EF8-A4CF-77ABF1C828EC}.Release|x86.Build.0 = Release|Any CPU
		{AB1E1AFF-3E15-4809-8A5F-278874EB8733}.Debug Deadlock|Any CPU.ActiveCfg = Debug|Any CPU
		{AB1E1AFF-3E15-4809-8A5F-278874EB8733}.Debug Deadlock|Any CPU.Build.0 = Debug|Any CPU
		{AB1E1AFF-3E15-4809-8A5F-278874EB8733}.Debug Deadlock|x86.ActiveCfg = Debug|Any CPU
		{AB1E1AFF-3E15-4809-8A5F-278874EB8733}.Debug Deadlock|x86.Build.0 = Debug|Any CPU
		{AB1E1AFF-3E15-4809-8A5F-278874EB8733}.Debug|Any CPU.ActiveCfg = Debug|Any CPU
		{AB1E1AFF-3E15-4809-8A5F-278874EB8733}.Debug|Any CPU.Build.0 = Debug|Any CPU
		{AB1E1AFF-3E15-4809-8A5F-278874EB8733}.Debug|x86.ActiveCfg = Debug|Any CPU
		{AB1E1AFF-3E15-4809-8A5F-278874EB8733}.Debug|x86.Build.0 = Debug|Any CPU
		{AB1E1AFF-3E15-4809-8A5F-278874EB8733}.Release|Any CPU.ActiveCfg = Release|Any CPU
		{AB1E1AFF-3E15-4809-8A5F-278874EB8733}.Release|Any CPU.Build.0 = Release|Any CPU
		{AB1E1AFF-3E15-4809-8A5F-278874EB8733}.Release|x86.ActiveCfg = Release|Any CPU
		{AB1E1AFF-3E15-4809-8A5F-278874EB8733}.Release|x86.Build.0 = Release|Any CPU
		{9E8C877A-2CD5-4151-B010-4C0775DF8CC2}.Debug Deadlock|Any CPU.ActiveCfg = Debug|Any CPU
		{9E8C877A-2CD5-4151-B010-4C0775DF8CC2}.Debug Deadlock|Any CPU.Build.0 = Debug|Any CPU
		{9E8C877A-2CD5-4151-B010-4C0775DF8CC2}.Debug Deadlock|x86.ActiveCfg = Debug|Any CPU
		{9E8C877A-2CD5-4151-B010-4C0775DF8CC2}.Debug Deadlock|x86.Build.0 = Debug|Any CPU
		{9E8C877A-2CD5-4151-B010-4C0775DF8CC2}.Debug|Any CPU.ActiveCfg = Debug|Any CPU
		{9E8C877A-2CD5-4151-B010-4C0775DF8CC2}.Debug|Any CPU.Build.0 = Debug|Any CPU
		{9E8C877A-2CD5-4151-B010-4C0775DF8CC2}.Debug|x86.ActiveCfg = Debug|Any CPU
		{9E8C877A-2CD5-4151-B010-4C0775DF8CC2}.Debug|x86.Build.0 = Debug|Any CPU
		{9E8C877A-2CD5-4151-B010-4C0775DF8CC2}.Release|Any CPU.ActiveCfg = Release|Any CPU
		{9E8C877A-2CD5-4151-B010-4C0775DF8CC2}.Release|Any CPU.Build.0 = Release|Any CPU
		{9E8C877A-2CD5-4151-B010-4C0775DF8CC2}.Release|x86.ActiveCfg = Release|Any CPU
		{9E8C877A-2CD5-4151-B010-4C0775DF8CC2}.Release|x86.Build.0 = Release|Any CPU
		{E3D012CB-3EBE-425B-9058-F44B23B7259C}.Debug Deadlock|Any CPU.ActiveCfg = Debug|Any CPU
		{E3D012CB-3EBE-425B-9058-F44B23B7259C}.Debug Deadlock|Any CPU.Build.0 = Debug|Any CPU
		{E3D012CB-3EBE-425B-9058-F44B23B7259C}.Debug Deadlock|x86.ActiveCfg = Debug|Any CPU
		{E3D012CB-3EBE-425B-9058-F44B23B7259C}.Debug Deadlock|x86.Build.0 = Debug|Any CPU
		{E3D012CB-3EBE-425B-9058-F44B23B7259C}.Debug|Any CPU.ActiveCfg = Debug|Any CPU
		{E3D012CB-3EBE-425B-9058-F44B23B7259C}.Debug|Any CPU.Build.0 = Debug|Any CPU
		{E3D012CB-3EBE-425B-9058-F44B23B7259C}.Debug|x86.ActiveCfg = Debug|Any CPU
		{E3D012CB-3EBE-425B-9058-F44B23B7259C}.Debug|x86.Build.0 = Debug|Any CPU
		{E3D012CB-3EBE-425B-9058-F44B23B7259C}.Release|Any CPU.ActiveCfg = Release|Any CPU
		{E3D012CB-3EBE-425B-9058-F44B23B7259C}.Release|Any CPU.Build.0 = Release|Any CPU
		{E3D012CB-3EBE-425B-9058-F44B23B7259C}.Release|x86.ActiveCfg = Release|Any CPU
		{E3D012CB-3EBE-425B-9058-F44B23B7259C}.Release|x86.Build.0 = Release|Any CPU
		{0FA3B01B-8843-446F-AD0C-B151E325A586}.Debug Deadlock|Any CPU.ActiveCfg = Debug|Any CPU
		{0FA3B01B-8843-446F-AD0C-B151E325A586}.Debug Deadlock|Any CPU.Build.0 = Debug|Any CPU
		{0FA3B01B-8843-446F-AD0C-B151E325A586}.Debug Deadlock|x86.ActiveCfg = Debug|Any CPU
		{0FA3B01B-8843-446F-AD0C-B151E325A586}.Debug Deadlock|x86.Build.0 = Debug|Any CPU
		{0FA3B01B-8843-446F-AD0C-B151E325A586}.Debug|Any CPU.ActiveCfg = Debug|Any CPU
		{0FA3B01B-8843-446F-AD0C-B151E325A586}.Debug|Any CPU.Build.0 = Debug|Any CPU
		{0FA3B01B-8843-446F-AD0C-B151E325A586}.Debug|x86.ActiveCfg = Debug|Any CPU
		{0FA3B01B-8843-446F-AD0C-B151E325A586}.Debug|x86.Build.0 = Debug|Any CPU
		{0FA3B01B-8843-446F-AD0C-B151E325A586}.Release|Any CPU.ActiveCfg = Release|Any CPU
		{0FA3B01B-8843-446F-AD0C-B151E325A586}.Release|Any CPU.Build.0 = Release|Any CPU
		{0FA3B01B-8843-446F-AD0C-B151E325A586}.Release|x86.ActiveCfg = Release|Any CPU
		{0FA3B01B-8843-446F-AD0C-B151E325A586}.Release|x86.Build.0 = Release|Any CPU
		{DFBF31C2-894C-4FD1-A674-D323E7DD2FDE}.Debug Deadlock|Any CPU.ActiveCfg = Debug|Any CPU
		{DFBF31C2-894C-4FD1-A674-D323E7DD2FDE}.Debug Deadlock|Any CPU.Build.0 = Debug|Any CPU
		{DFBF31C2-894C-4FD1-A674-D323E7DD2FDE}.Debug Deadlock|x86.ActiveCfg = Debug|Any CPU
		{DFBF31C2-894C-4FD1-A674-D323E7DD2FDE}.Debug Deadlock|x86.Build.0 = Debug|Any CPU
		{DFBF31C2-894C-4FD1-A674-D323E7DD2FDE}.Debug|Any CPU.ActiveCfg = Debug|Any CPU
		{DFBF31C2-894C-4FD1-A674-D323E7DD2FDE}.Debug|Any CPU.Build.0 = Debug|Any CPU
		{DFBF31C2-894C-4FD1-A674-D323E7DD2FDE}.Debug|x86.ActiveCfg = Debug|Any CPU
		{DFBF31C2-894C-4FD1-A674-D323E7DD2FDE}.Debug|x86.Build.0 = Debug|Any CPU
		{DFBF31C2-894C-4FD1-A674-D323E7DD2FDE}.Release|Any CPU.ActiveCfg = Release|Any CPU
		{DFBF31C2-894C-4FD1-A674-D323E7DD2FDE}.Release|Any CPU.Build.0 = Release|Any CPU
		{DFBF31C2-894C-4FD1-A674-D323E7DD2FDE}.Release|x86.ActiveCfg = Release|Any CPU
		{DFBF31C2-894C-4FD1-A674-D323E7DD2FDE}.Release|x86.Build.0 = Release|Any CPU
		{4D3D9B73-3315-4084-A489-E38BCD622938}.Debug Deadlock|Any CPU.ActiveCfg = Debug|Any CPU
		{4D3D9B73-3315-4084-A489-E38BCD622938}.Debug Deadlock|Any CPU.Build.0 = Debug|Any CPU
		{4D3D9B73-3315-4084-A489-E38BCD622938}.Debug Deadlock|x86.ActiveCfg = Debug|Any CPU
		{4D3D9B73-3315-4084-A489-E38BCD622938}.Debug Deadlock|x86.Build.0 = Debug|Any CPU
		{4D3D9B73-3315-4084-A489-E38BCD622938}.Debug|Any CPU.ActiveCfg = Debug|Any CPU
		{4D3D9B73-3315-4084-A489-E38BCD622938}.Debug|Any CPU.Build.0 = Debug|Any CPU
		{4D3D9B73-3315-4084-A489-E38BCD622938}.Debug|x86.ActiveCfg = Debug|Any CPU
		{4D3D9B73-3315-4084-A489-E38BCD622938}.Debug|x86.Build.0 = Debug|Any CPU
		{4D3D9B73-3315-4084-A489-E38BCD622938}.Release|Any CPU.ActiveCfg = Release|Any CPU
		{4D3D9B73-3315-4084-A489-E38BCD622938}.Release|Any CPU.Build.0 = Release|Any CPU
		{4D3D9B73-3315-4084-A489-E38BCD622938}.Release|x86.ActiveCfg = Release|Any CPU
		{4D3D9B73-3315-4084-A489-E38BCD622938}.Release|x86.Build.0 = Release|Any CPU
		{6DE6195A-B20B-4611-B079-3020947F2B93}.Debug Deadlock|Any CPU.ActiveCfg = Debug|Any CPU
		{6DE6195A-B20B-4611-B079-3020947F2B93}.Debug Deadlock|Any CPU.Build.0 = Debug|Any CPU
		{6DE6195A-B20B-4611-B079-3020947F2B93}.Debug Deadlock|x86.ActiveCfg = Debug|Any CPU
		{6DE6195A-B20B-4611-B079-3020947F2B93}.Debug Deadlock|x86.Build.0 = Debug|Any CPU
		{6DE6195A-B20B-4611-B079-3020947F2B93}.Debug|Any CPU.ActiveCfg = Debug|Any CPU
		{6DE6195A-B20B-4611-B079-3020947F2B93}.Debug|Any CPU.Build.0 = Debug|Any CPU
		{6DE6195A-B20B-4611-B079-3020947F2B93}.Debug|x86.ActiveCfg = Debug|Any CPU
		{6DE6195A-B20B-4611-B079-3020947F2B93}.Debug|x86.Build.0 = Debug|Any CPU
		{6DE6195A-B20B-4611-B079-3020947F2B93}.Release|Any CPU.ActiveCfg = Release|Any CPU
		{6DE6195A-B20B-4611-B079-3020947F2B93}.Release|Any CPU.Build.0 = Release|Any CPU
		{6DE6195A-B20B-4611-B079-3020947F2B93}.Release|x86.ActiveCfg = Release|Any CPU
		{6DE6195A-B20B-4611-B079-3020947F2B93}.Release|x86.Build.0 = Release|Any CPU
		{DB50B3C5-3C59-4033-9D2D-FC1403352C8D}.Debug Deadlock|Any CPU.ActiveCfg = Debug|Any CPU
		{DB50B3C5-3C59-4033-9D2D-FC1403352C8D}.Debug Deadlock|Any CPU.Build.0 = Debug|Any CPU
		{DB50B3C5-3C59-4033-9D2D-FC1403352C8D}.Debug Deadlock|x86.ActiveCfg = Debug|Any CPU
		{DB50B3C5-3C59-4033-9D2D-FC1403352C8D}.Debug Deadlock|x86.Build.0 = Debug|Any CPU
		{DB50B3C5-3C59-4033-9D2D-FC1403352C8D}.Debug|Any CPU.ActiveCfg = Debug|Any CPU
		{DB50B3C5-3C59-4033-9D2D-FC1403352C8D}.Debug|Any CPU.Build.0 = Debug|Any CPU
		{DB50B3C5-3C59-4033-9D2D-FC1403352C8D}.Debug|x86.ActiveCfg = Debug|Any CPU
		{DB50B3C5-3C59-4033-9D2D-FC1403352C8D}.Debug|x86.Build.0 = Debug|Any CPU
		{DB50B3C5-3C59-4033-9D2D-FC1403352C8D}.Release|Any CPU.ActiveCfg = Release|Any CPU
		{DB50B3C5-3C59-4033-9D2D-FC1403352C8D}.Release|Any CPU.Build.0 = Release|Any CPU
		{DB50B3C5-3C59-4033-9D2D-FC1403352C8D}.Release|x86.ActiveCfg = Release|Any CPU
		{DB50B3C5-3C59-4033-9D2D-FC1403352C8D}.Release|x86.Build.0 = Release|Any CPU
		{69FAA23A-5E25-46CC-BEB5-DFDF651375FC}.Debug Deadlock|Any CPU.ActiveCfg = Debug
		{69FAA23A-5E25-46CC-BEB5-DFDF651375FC}.Debug Deadlock|x86.ActiveCfg = Debug
		{69FAA23A-5E25-46CC-BEB5-DFDF651375FC}.Debug|Any CPU.ActiveCfg = Debug
		{69FAA23A-5E25-46CC-BEB5-DFDF651375FC}.Debug|x86.ActiveCfg = Debug
		{69FAA23A-5E25-46CC-BEB5-DFDF651375FC}.Release|Any CPU.ActiveCfg = Release
		{69FAA23A-5E25-46CC-BEB5-DFDF651375FC}.Release|x86.ActiveCfg = Release
		{66E92064-F777-448D-82A9-9031AA2BEBFC}.Debug Deadlock|Any CPU.ActiveCfg = Debug|Any CPU
		{66E92064-F777-448D-82A9-9031AA2BEBFC}.Debug Deadlock|Any CPU.Build.0 = Debug|Any CPU
		{66E92064-F777-448D-82A9-9031AA2BEBFC}.Debug Deadlock|x86.ActiveCfg = Debug|Any CPU
		{66E92064-F777-448D-82A9-9031AA2BEBFC}.Debug Deadlock|x86.Build.0 = Debug|Any CPU
		{66E92064-F777-448D-82A9-9031AA2BEBFC}.Debug|Any CPU.ActiveCfg = Debug|Any CPU
		{66E92064-F777-448D-82A9-9031AA2BEBFC}.Debug|Any CPU.Build.0 = Debug|Any CPU
		{66E92064-F777-448D-82A9-9031AA2BEBFC}.Debug|x86.ActiveCfg = Debug|Any CPU
		{66E92064-F777-448D-82A9-9031AA2BEBFC}.Debug|x86.Build.0 = Debug|Any CPU
		{66E92064-F777-448D-82A9-9031AA2BEBFC}.Release|Any CPU.ActiveCfg = Release|Any CPU
		{66E92064-F777-448D-82A9-9031AA2BEBFC}.Release|Any CPU.Build.0 = Release|Any CPU
		{66E92064-F777-448D-82A9-9031AA2BEBFC}.Release|x86.ActiveCfg = Release|Any CPU
		{66E92064-F777-448D-82A9-9031AA2BEBFC}.Release|x86.Build.0 = Release|Any CPU
	EndGlobalSection
	GlobalSection(SolutionProperties) = preSolution
		HideSolutionNode = FALSE
	EndGlobalSection
	GlobalSection(ExtensibilityGlobals) = postSolution
		SolutionGuid = {68B36B5E-C4FC-4605-A5E1-8A59433EA06F}
	EndGlobalSection
	GlobalSection(Performance) = preSolution
		HasPerformanceSessions = true
	EndGlobalSection
EndGlobal
